
Microsoft Visual Studio Solution File, Format Version 12.00
# Visual Studio Version 17
VisualStudioVersion = 17.1.32210.238
MinimumVisualStudioVersion = 10.0.40219.1
Project("{FAE04EC0-301F-11D3-BF4B-00C04F79EFBC}") = "ArageekMvc", "ArageekMvc\ArageekMvc.csproj", "{9EE7231D-F2EE-4FE2-A971-52185373A6E4}"
EndProject
Global
	GlobalSection(SolutionConfigurationPlatforms) = preSolution
		Debug|Any CPU = Debug|Any CPU
		Release|Any CPU = Release|Any CPU
	EndGlobalSection
	GlobalSection(ProjectConfigurationPlatforms) = postSolution
		{9EE7231D-F2EE-4FE2-A971-52185373A6E4}.Debug|Any CPU.ActiveCfg = Debug|Any CPU
		{9EE7231D-F2EE-4FE2-A971-52185373A6E4}.Debug|Any CPU.Build.0 = Debug|Any CPU
		{9EE7231D-F2EE-4FE2-A971-52185373A6E4}.Release|Any CPU.ActiveCfg = Release|Any CPU
		{9EE7231D-F2EE-4FE2-A971-52185373A6E4}.Release|Any CPU.Build.0 = Release|Any CPU
	EndGlobalSection
	GlobalSection(SolutionProperties) = preSolution
		HideSolutionNode = FALSE
	EndGlobalSection
	GlobalSection(ExtensibilityGlobals) = postSolution
		SolutionGuid = {C4BB5A2A-73E7-488A-9259-FE5DE3371778}
	EndGlobalSection
EndGlobal
